
Microsoft Visual Studio Solution File, Format Version 12.00
# Visual Studio Version 17
VisualStudioVersion = 17.5.002.0
MinimumVisualStudioVersion = 10.0.40219.1
Project("{9A19103F-16F7-4668-BE54-9A1E7A4F7556}") = "ejercicio3", "ejercicio3.csproj", "{9974D5E0-0C0D-4911-9BA0-ADAF5D6F500E}"
EndProject
Global
	GlobalSection(SolutionConfigurationPlatforms) = preSolution
		Debug|Any CPU = Debug|Any CPU
		Release|Any CPU = Release|Any CPU
	EndGlobalSection
	GlobalSection(ProjectConfigurationPlatforms) = postSolution
		{9974D5E0-0C0D-4911-9BA0-ADAF5D6F500E}.Debug|Any CPU.ActiveCfg = Debug|Any CPU
		{9974D5E0-0C0D-4911-9BA0-ADAF5D6F500E}.Debug|Any CPU.Build.0 = Debug|Any CPU
		{9974D5E0-0C0D-4911-9BA0-ADAF5D6F500E}.Release|Any CPU.ActiveCfg = Release|Any CPU
		{9974D5E0-0C0D-4911-9BA0-ADAF5D6F500E}.Release|Any CPU.Build.0 = Release|Any CPU
	EndGlobalSection
	GlobalSection(SolutionProperties) = preSolution
		HideSolutionNode = FALSE
	EndGlobalSection
	GlobalSection(ExtensibilityGlobals) = postSolution
		SolutionGuid = {BE232B90-B0D5-4875-91F5-C079DC1DC541}
	EndGlobalSection
EndGlobal
